# @generated - this file is auto-generated by `mise lock` https://mise.jdx.dev/dev-tools/mise-lock.html

[[tools.node]]
version = "24.18.0"
backend = "core:node"

[tools.node."platforms.linux-x64"]
checksum = "sha256:783130984963db7ba9cbd01089eaf2c2efb055c7c1693c943174b967b3050cb8"
url = "https://nodejs.org/dist/v24.18.0/node-v24.18.0-linux-x64.tar.gz"

[tools.node."platforms.macos-arm64"]
checksum = "sha256:e1a97e14c99c803e96c7339403282ea05a499c32f8d83defe9ef5ec66f979ed1"
url = "https://nodejs.org/dist/v24.18.0/node-v24.18.0-darwin-arm64.tar.gz"

[[tools.pnpm]]
version = "11.18.0"
backend = "aqua:pnpm/pnpm"

[tools.pnpm."platforms.linux-x64"]
checksum = "sha256:f4e62794c56f7a1ad01097f94b90ca95680080aa2e83ebc3d0a751fb8aa8e4ad"
url = "https://github.com/pnpm/pnpm/releases/download/v11.18.0/pnpm-linux-x64.tar.gz"
url_api = "https://api.github.com/repos/pnpm/pnpm/releases/assets/493764737"
provenance = "github-attestations"

[tools.pnpm."platforms.macos-arm64"]
checksum = "sha256:c3ace80f45e3550503310c2669616602f2c514f46a2f475f481088887a55abc1"
url = "https://github.com/pnpm/pnpm/releases/download/v11.18.0/pnpm-darwin-arm64.tar.gz"
url_api = "https://api.github.com/repos/pnpm/pnpm/releases/assets/493764741"
provenance = "github-attestations"

[[tools.python]]
version = "3.11.14"
backend = "core:python"

[tools.python."platforms.linux-x64"]
checksum = "sha256:1fb6a89daa750f7eff00eb65d901c3c236713812eb9c8c7e07ecdfcd78203c8e"
url = "https://github.com/astral-sh/python-build-standalone/releases/download/20260211/cpython-3.11.14+20260211-x86_64-unknown-linux-gnu-install_only_stripped.tar.gz"
provenance = "github-attestations"

[tools.python."platforms.macos-arm64"]
checksum = "sha256:d5f10f6fdc6f4afb5d251578edb89d8c0ece8f9f56e38b0019e2a94e8f0f4852"
url = "https://github.com/astral-sh/python-build-standalone/releases/download/20260211/cpython-3.11.14+20260211-aarch64-apple-darwin-install_only_stripped.tar.gz"
provenance = "github-attestations"

[[tools.uv]]
version = "0.12.0"
backend = "aqua:astral-sh/uv"

[tools.uv."platforms.linux-x64"]
checksum = "sha256:3340a9d8cffc4d801bc1a7459ebfaf5790c79400720d9b6963d806f058526684"
url = "https://github.com/astral-sh/uv/releases/download/0.12.0/uv-x86_64-unknown-linux-musl.tar.gz"
url_api = "https://api.github.com/repos/astral-sh/uv/releases/assets/493071451"
provenance = "github-attestations"

[tools.uv."platforms.macos-arm64"]
checksum = "sha256:2b9e582af54f84fa50c115427451a6c13e80f43b52f8282b8af5791077317bbf"
url = "https://github.com/astral-sh/uv/releases/download/0.12.0/uv-aarch64-apple-darwin.tar.gz"
url_api = "https://api.github.com/repos/astral-sh/uv/releases/assets/493071342"
provenance = "github-attestations"
